{
    "_meta": {
        "hash": {
            "sha256": "a1260e4ffcc5d696e83018b4beb57a4044f58cc33ebe4c98a2b87e58446403e0"
        },
        "pipfile-spec": 6,
        "requires": {
            "python_version": "3.13"
        },
        "sources": [
            {
                "name": "pypi",
                "url": "https://pypi.org/simple",
                "verify_ssl": true
            }
        ]
    },
    "default": {},
    "develop": {}
}
